Microsoft Visual Studio Solution File, Format Version 12.00
# Visual Studio Version 17
VisualStudioVersion = 17.5.33502.453
MinimumVisualStudioVersion = 10.0.40219.1
Project("{FAE04EC0-301F-11D3-BF4B-00C04F79EFBC}") = "Alumnos", "Alumnos\Alumnos.csproj", "{93A2AC94-5765-4E4E-8FF8-668D3A473335}"
EndProject
Global
	GlobalSection(SolutionConfigurationPlatforms) = preSolution
		Debug|Any CPU = Debug|Any CPU
		Release|Any CPU = Release|Any CPU
	EndGlobalSection
	GlobalSection(ProjectConfigurationPlatforms) = postSolution
		{93A2AC94-5765-4E4E-8FF8-668D3A473335}.Debug|Any CPU.ActiveCfg = Debug|Any CPU
		{93A2AC94-5765-4E4E-8FF8-668D3A473335}.Debug|Any CPU.Build.0 = Debug|Any CPU
		{93A2AC94-5765-4E4E-8FF8-668D3A473335}.Release|Any CPU.ActiveCfg = Release|Any CPU
		{93A2AC94-5765-4E4E-8FF8-668D3A473335}.Release|Any CPU.Build.0 = Release|Any CPU
	EndGlobalSection
	GlobalSection(SolutionProperties) = preSolution
		HideSolutionNode = FALSE
	EndGlobalSection
	GlobalSection(ExtensibilityGlobals) = postSolution
		SolutionGuid = {D009B93B-737E-40D9-8111-CC0FC9455419}
	EndGlobalSection
EndGlobal